
Microsoft Visual Studio Solution File, Format Version 12.00
# Visual Studio 15
VisualStudioVersion = 15.0.26730.16
MinimumVisualStudioVersion = 10.0.40219.1
Project("{FAE04EC0-301F-11D3-BF4B-00C04F79EFBC}") = "PROG120_Kirgan_Joe_HW2", "PROG120_Kirgan_Joe_HW2\PROG120_Kirgan_Joe_HW2.csproj", "{B4BBFFDB-9A12-4ED1-AE45-DCBC4E4A9028}"
EndProject
Project("{FAE04EC0-301F-11D3-BF4B-00C04F79EFBC}") = "VendingMachine", "VendingMachine\VendingMachine.csproj", "{37F64199-4885-4F5E-9651-3C532ED01F16}"
EndProject
Global
	GlobalSection(SolutionConfigurationPlatforms) = preSolution
		Debug|Any CPU = Debug|Any CPU
		Release|Any CPU = Release|Any CPU
	EndGlobalSection
	GlobalSection(ProjectConfigurationPlatforms) = postSolution
		{B4BBFFDB-9A12-4ED1-AE45-DCBC4E4A9028}.Debug|Any CPU.ActiveCfg = Debug|Any CPU
		{B4BBFFDB-9A12-4ED1-AE45-DCBC4E4A9028}.Debug|Any CPU.Build.0 = Debug|Any CPU
		{B4BBFFDB-9A12-4ED1-AE45-DCBC4E4A9028}.Release|Any CPU.ActiveCfg = Release|Any CPU
		{B4BBFFDB-9A12-4ED1-AE45-DCBC4E4A9028}.Release|Any CPU.Build.0 = Release|Any CPU
		{37F64199-4885-4F5E-9651-3C532ED01F16}.Debug|Any CPU.ActiveCfg = Debug|Any CPU
		{37F64199-4885-4F5E-9651-3C532ED01F16}.Debug|Any CPU.Build.0 = Debug|Any CPU
		{37F64199-4885-4F5E-9651-3C532ED01F16}.Release|Any CPU.ActiveCfg = Release|Any CPU
		{37F64199-4885-4F5E-9651-3C532ED01F16}.Release|Any CPU.Build.0 = Release|Any CPU
	EndGlobalSection
	GlobalSection(SolutionProperties) = preSolution
		HideSolutionNode = FALSE
	EndGlobalSection
	GlobalSection(ExtensibilityGlobals) = postSolution
		SolutionGuid = {ECFAABEF-04F7-45CF-B208-1603DEC07B88}
	EndGlobalSection
EndGlobal
